// !$*UTF8*$!
{
	archiveVersion = 1;
	classes = {
	};
	objectVersion = 48;
	objects = {

/* Begin PBXBuildFile section */
		240E1D8220E394250069B3E6 /* AppDelegate.swift in Sources */ = {isa = PBXBuildFile; fileRef = 240E1D8120E394250069B3E6 /* AppDelegate.swift */; };
		240E1D8420E394250069B3E6 /* ViewController.swift in Sources */ = {isa = PBXBuildFile; fileRef = 240E1D8320E394250069B3E6 /* ViewController.swift */; };
		240E1D8720E394250069B3E6 /* Main.storyboard in Resources */ = {isa = PBXBuildFile; fileRef = 240E1D8520E394250069B3E6 /* Main.storyboard */; };
		240E1D8A20E394250069B3E6 /* MyBio.xcdatamodeld in Sources */ = {isa = PBXBuildFile; fileRef = 240E1D8820E394250069B3E6 /* MyBio.xcdatamodeld */; };
		240E1D8C20E394250069B3E6 /* Assets.xcassets in Resources */ = {isa = PBXBuildFile; fileRef = 240E1D8B20E394250069B3E6 /* Assets.xcassets */; };
		240E1D8F20E394250069B3E6 /* LaunchScreen.storyboard in Resources */ = {isa = PBXBuildFile; fileRef = 240E1D8D20E394250069B3E6 /* LaunchScreen.storyboard */; };
		45EF33F9B98494166EE5A8AD /* Pods_MyBio.framework in Frameworks */ = {isa = PBXBuildFile; fileRef = 70734BD843A115B3CACAF676 /* Pods_MyBio.framework */; };
/* End PBXBuildFile section */

/* Begin PBXFileReference section */
		1A240A72F8ECDEB052E5F27C /* Pods-MyBio.debug.xcconfig */ = {isa = PBXFileReference; includeInIndex = 1; lastKnownFileType = text.xcconfig; name = "Pods-MyBio.debug.xcconfig"; path = "Pods/Target Support Files/Pods-MyBio/Pods-MyBio.debug.xcconfig"; sourceTree = "<group>"; };
		240E1D7E20E394250069B3E6 /* MyBio.app */ = {isa = PBXFileReference; explicitFileType = wrapper.application; includeInIndex = 0; path = MyBio.app; sourceTree = BUILT_PRODUCTS_DIR; };
		240E1D8120E394250069B3E6 /* AppDelegate.swift */ = {isa = PBXFileReference; lastKnownFileType = sourcecode.swift; path = AppDelegate.swift; sourceTree = "<group>"; };
		240E1D8320E394250069B3E6 /* ViewController.swift */ = {isa = PBXFileReference; lastKnownFileType = sourcecode.swift; path = ViewController.swift; sourceTree = "<group>"; };
		240E1D8620E394250069B3E6 /* Base */ = {isa = PBXFileReference; lastKnownFileType = file.storyboard; name = Base; path = Base.lproj/Main.storyboard; sourceTree = "<group>"; };
		240E1D8920E394250069B3E6 /* MyBio.xcdatamodel */ = {isa = PBXFileReference; lastKnownFileType = wrapper.xcdatamodel; path = MyBio.xcdatamodel; sourceTree = "<group>"; };
		240E1D8B20E394250069B3E6 /* Assets.xcassets */ = {isa = PBXFileReference; lastKnownFileType = folder.assetcatalog; path = Assets.xcassets; sourceTree = "<group>"; };
		240E1D8E20E394250069B3E6 /* Base */ = {isa = PBXFileReference; lastKnownFileType = file.storyboard; name = Base; path = Base.lproj/LaunchScreen.storyboard; sourceTree = "<group>"; };
		240E1D9020E394250069B3E6 /* Info.plist */ = {isa = PBXFileReference; lastKnownFileType = text.plist.xml; path = Info.plist; sourceTree = "<group>"; };
		70734BD843A115B3CACAF676 /* Pods_MyBio.framework */ = {isa = PBXFileReference; explicitFileType = wrapper.framework; includeInIndex = 0; path = Pods_MyBio.framework; sourceTree = BUILT_PRODUCTS_DIR; };
		B0EF8F09B4E3551F4259A311 /* Pods-MyBio.release.xcconfig */ = {isa = PBXFileReference; includeInIndex = 1; lastKnownFileType = text.xcconfig; name = "Pods-MyBio.release.xcconfig"; path = "Pods/Target Support Files/Pods-MyBio/Pods-MyBio.release.xcconfig"; sourceTree = "<group>"; };
/* End PBXFileReference section */

/* Begin PBXFrameworksBuildPhase section */
		240E1D7B20E394250069B3E6 /* Frameworks */ = {
			isa = PBXFrameworksBuildPhase;
			buildActionMask = 2147483647;
			files = (
				45EF33F9B98494166EE5A8AD /* Pods_MyBio.framework in Frameworks */,
			);
			runOnlyForDeploymentPostprocessing = 0;
		};
/* End PBXFrameworksBuildPhase section */

/* Begin PBXGroup section */
		240E1D7520E394250069B3E6 = {
			isa = PBXGroup;
			children = (
				240E1D8020E394250069B3E6 /* MyBio */,
				240E1D7F20E394250069B3E6 /* Products */,
				BDF25BD0AD662CC45B022042 /* Pods */,
				BEC9FD3C455855F8AB60E22E /* Frameworks */,
			);
			sourceTree = "<group>";
		};
		240E1D7F20E394250069B3E6 /* Products */ = {
			isa = PBXGroup;
			children = (
				240E1D7E20E394250069B3E6 /* MyBio.app */,
			);
			name = Products;
			sourceTree = "<group>";
		};
		240E1D8020E394250069B3E6 /* MyBio */ = {
			isa = PBXGroup;
			children = (
				240E1D8120E394250069B3E6 /* AppDelegate.swift */,
				240E1D8320E394250069B3E6 /* ViewController.swift */,
				240E1D8520E394250069B3E6 /* Main.storyboard */,
				240E1D8B20E394250069B3E6 /* Assets.xcassets */,
				240E1D8D20E394250069B3E6 /* LaunchScreen.storyboard */,
				240E1D9020E394250069B3E6 /* Info.plist */,
				240E1D8820E394250069B3E6 /* MyBio.xcdatamodeld */,
			);
			path = MyBio;
			sourceTree = "<group>";
		};
		BDF25BD0AD662CC45B022042 /* Pods */ = {
			isa = PBXGroup;
			children = (
				1A240A72F8ECDEB052E5F27C /* Pods-MyBio.debug.xcconfig */,
				B0EF8F09B4E3551F4259A311 /* Pods-MyBio.release.xcconfig */,
			);
			name = Pods;
			sourceTree = "<group>";
		};
		BEC9FD3C455855F8AB60E22E /* Frameworks */ = {
			isa = PBXGroup;
			children = (
				70734BD843A115B3CACAF676 /* Pods_MyBio.framework */,
			);
			name = Frameworks;
			sourceTree = "<group>";
		};
/* End PBXGroup section */

/* Begin PBXNativeTarget section */
		240E1D7D20E394250069B3E6 /* MyBio */ = {
			isa = PBXNativeTarget;
			buildConfigurationList = 240E1D9320E394250069B3E6 /* Build configuration list for PBXNativeTarget "MyBio" */;
			buildPhases = (
				C5F823F14E63EE5317CB1C44 /* [CP] Check Pods Manifest.lock */,
				240E1D7A20E394250069B3E6 /* Sources */,
				240E1D7B20E394250069B3E6 /* Frameworks */,
				240E1D7C20E394250069B3E6 /* Resources */,
				5D2CFEA2FED9B8896A04D007 /* [CP] Embed Pods Frameworks */,
				823F54D58FE64A9339718493 /* [CP] Copy Pods Resources */,
			);
			buildRules = (
			);
			dependencies = (
			);
			name = MyBio;
			productName = MyBio;
			productReference = 240E1D7E20E394250069B3E6 /* MyBio.app */;
			productType = "com.apple.product-type.application";
		};
/* End PBXNativeTarget section */

/* Begin PBXProject section */
		240E1D7620E394250069B3E6 /* Project object */ = {
			isa = PBXProject;
			attributes = {
				LastSwiftUpdateCheck = 0920;
				LastUpgradeCheck = 0920;
				ORGANIZATIONNAME = "Abai Kalikov";
				TargetAttributes = {
					240E1D7D20E394250069B3E6 = {
						CreatedOnToolsVersion = 9.2;
						ProvisioningStyle = Automatic;
					};
				};
			};
			buildConfigurationList = 240E1D7920E394250069B3E6 /* Build configuration list for PBXProject "MyBio" */;
			compatibilityVersion = "Xcode 8.0";
			developmentRegion = en;
			hasScannedForEncodings = 0;
			knownRegions = (
				en,
				Base,
			);
			mainGroup = 240E1D7520E394250069B3E6;
			productRefGroup = 240E1D7F20E394250069B3E6 /* Products */;
			projectDirPath = "";
			projectRoot = "";
			targets = (
				240E1D7D20E394250069B3E6 /* MyBio */,
			);
		};
/* End PBXProject section */

/* Begin PBXResourcesBuildPhase section */
		240E1D7C20E394250069B3E6 /* Resources */ = {
			isa = PBXResourcesBuildPhase;
			buildActionMask = 2147483647;
			files = (
				240E1D8F20E394250069B3E6 /* LaunchScreen.storyboard in Resources */,
				240E1D8C20E394250069B3E6 /* Assets.xcassets in Resources */,
				240E1D8720E394250069B3E6 /* Main.storyboard in Resources */,
			);
			runOnlyForDeploymentPostprocessing = 0;
		};
/* End PBXResourcesBuildPhase section */

/* Begin PBXShellScriptBuildPhase section */
		5D2CFEA2FED9B8896A04D007 /* [CP] Embed Pods Frameworks */ = {
			isa = PBXShellScriptBuildPhase;
			buildActionMask = 2147483647;
			files = (
			);
			inputPaths = (
				"${SRCROOT}/Pods/Target Support Files/Pods-MyBio/Pods-MyBio-frameworks.sh",
				"${BUILT_PRODUCTS_DIR}/IHKeyboardAvoiding/IHKeyboardAvoiding.framework",
			);
			name = "[CP] Embed Pods Frameworks";
			outputPaths = (
				"${TARGET_BUILD_DIR}/${FRAMEWORKS_FOLDER_PATH}/IHKeyboardAvoiding.framework",
			);
			runOnlyForDeploymentPostprocessing = 0;
			shellPath = /bin/sh;
			shellScript = "\"${SRCROOT}/Pods/Target Support Files/Pods-MyBio/Pods-MyBio-frameworks.sh\"\n";
			showEnvVarsInLog = 0;
		};
		823F54D58FE64A9339718493 /* [CP] Copy Pods Resources */ = {
			isa = PBXShellScriptBuildPhase;
			buildActionMask = 2147483647;
			files = (
			);
			inputPaths = (
			);
			name = "[CP] Copy Pods Resources";
			outputPaths = (
			);
			runOnlyForDeploymentPostprocessing = 0;
			shellPath = /bin/sh;
			shellScript = "\"${SRCROOT}/Pods/Target Support Files/Pods-MyBio/Pods-MyBio-resources.sh\"\n";
			showEnvVarsInLog = 0;
		};
		C5F823F14E63EE5317CB1C44 /* [CP] Check Pods Manifest.lock */ = {
			isa = PBXShellScriptBuildPhase;
			buildActionMask = 2147483647;
			files = (
			);
			inputPaths = (
				"${PODS_PODFILE_DIR_PATH}/Podfile.lock",
				"${PODS_ROOT}/Manifest.lock",
			);
			name = "[CP] Check Pods Manifest.lock";
			outputPaths = (
				"$(DERIVED_FILE_DIR)/Pods-MyBio-checkManifestLockResult.txt",
			);
			runOnlyForDeploymentPostprocessing = 0;
			shellPath = /bin/sh;
			shellScript = "diff \"${PODS_PODFILE_DIR_PATH}/Podfile.lock\" \"${PODS_ROOT}/Manifest.lock\" > /dev/null\nif [ $? != 0 ] ; then\n    # print error to STDERR\n    echo \"error: The sandbox is not in sync with the Podfile.lock. Run 'pod install' or update your CocoaPods installation.\" >&2\n    exit 1\nfi\n# This output is used by Xcode 'outputs' to avoid re-running this script phase.\necho \"SUCCESS\" > \"${SCRIPT_OUTPUT_FILE_0}\"\n";
			showEnvVarsInLog = 0;
		};
/* End PBXShellScriptBuildPhase section */

/* Begin PBXSourcesBuildPhase section */
		240E1D7A20E394250069B3E6 /* Sources */ = {
			isa = PBXSourcesBuildPhase;
			buildActionMask = 2147483647;
			files = (
				240E1D8420E394250069B3E6 /* ViewController.swift in Sources */,
				240E1D8A20E394250069B3E6 /* MyBio.xcdatamodeld in Sources */,
				240E1D8220E394250069B3E6 /* AppDelegate.swift in Sources */,
			);
			runOnlyForDeploymentPostprocessing = 0;
		};
/* End PBXSourcesBuildPhase section */

/* Begin PBXVariantGroup section */
		240E1D8520E394250069B3E6 /* Main.storyboard */ = {
			isa = PBXVariantGroup;
			children = (
				240E1D8620E394250069B3E6 /* Base */,
			);
			name = Main.storyboard;
			sourceTree = "<group>";
		};
		240E1D8D20E394250069B3E6 /* LaunchScreen.storyboard */ = {
			isa = PBXVariantGroup;
			children = (
				240E1D8E20E394250069B3E6 /* Base */,
			);
			name = LaunchScreen.storyboard;
			sourceTree = "<group>";
		};
/* End PBXVariantGroup section */

/* Begin XCBuildConfiguration section */
		240E1D9120E394250069B3E6 /* Debug */ = {
			isa = XCBuildConfiguration;
			buildSettings = {
				ALWAYS_SEARCH_USER_PATHS = NO;
				CLANG_ANALYZER_NONNULL = YES;
				CLANG_ANALYZER_NUMBER_OBJECT_CONVERSION = YES_AGGRESSIVE;
				CLANG_CXX_LANGUAGE_STANDARD = "gnu++14";
				CLANG_CXX_LIBRARY = "libc++";
				CLANG_ENABLE_MODULES = YES;
				CLANG_ENABLE_OBJC_ARC = YES;
				CLANG_WARN_BLOCK_CAPTURE_AUTORELEASING = YES;
				CLANG_WARN_BOOL_CONVERSION = YES;
				CLANG_WARN_COMMA = YES;
				CLANG_WARN_CONSTANT_CONVERSION = YES;
				CLANG_WARN_DIRECT_OBJC_ISA_USAGE = YES_ERROR;
				CLANG_WARN_DOCUMENTATION_COMMENTS = YES;
				CLANG_WARN_EMPTY_BODY = YES;
				CLANG_WARN_ENUM_CONVERSION = YES;
				CLANG_WARN_INFINITE_RECURSION = YES;
				CLANG_WARN_INT_CONVERSION = YES;
				CLANG_WARN_NON_LITERAL_NULL_CONVERSION = YES;
				CLANG_WARN_OBJC_LITERAL_CONVERSION = YES;
				CLANG_WARN_OBJC_ROOT_CLASS = YES_ERROR;
				CLANG_WARN_RANGE_LOOP_ANALYSIS = YES;
				CLANG_WARN_STRICT_PROTOTYPES = YES;
				CLANG_WARN_SUSPICIOUS_MOVE = YES;
				CLANG_WARN_UNGUARDED_AVAILABILITY = YES_AGGRESSIVE;
				CLANG_WARN_UNREACHABLE_CODE = YES;
				CLANG_WARN__DUPLICATE_METHOD_MATCH = YES;
				CODE_SIGN_IDENTITY = "iPhone Developer";
				COPY_PHASE_STRIP = NO;
				DEBUG_INFORMATION_FORMAT = dwarf;
				ENABLE_STRICT_OBJC_MSGSEND = YES;
				ENABLE_TESTABILITY = YES;
				GCC_C_LANGUAGE_STANDARD = gnu11;
				GCC_DYNAMIC_NO_PIC = NO;
				GCC_NO_COMMON_BLOCKS = YES;
				GCC_OPTIMIZATION_LEVEL = 0;
				GCC_PREPROCESSOR_DEFINITIONS = (
					"DEBUG=1",
					"$(inherited)",
				);
				GCC_WARN_64_TO_32_BIT_CONVERSION = YES;
				GCC_WARN_ABOUT_RETURN_TYPE = YES_ERROR;
				GCC_WARN_UNDECLARED_SELECTOR = YES;
				GCC_WARN_UNINITIALIZED_AUTOS = YES_AGGRESSIVE;
				GCC_WARN_UNUSED_FUNCTION = YES;
				GCC_WARN_UNUSED_VARIABLE = YES;
				IPHONEOS_DEPLOYMENT_TARGET = 11.2;
				MTL_ENABLE_DEBUG_INFO = YES;
				ONLY_ACTIVE_ARCH = YES;
				SDKROOT = iphoneos;
				SWIFT_ACTIVE_COMPILATION_CONDITIONS = DEBUG;
				SWIFT_OPTIMIZATION_LEVEL = "-Onone";
			};
			name = Debug;
		};
		240E1D9220E394250069B3E6 /* Release */ = {
			isa = XCBuildConfiguration;
			buildSettings = {
				ALWAYS_SEARCH_USER_PATHS = NO;
				CLANG_ANALYZER_NONNULL = YES;
				CLANG_ANALYZER_NUMBER_OBJECT_CONVERSION = YES_AGGRESSIVE;
				CLANG_CXX_LANGUAGE_STANDARD = "gnu++14";
				CLANG_CXX_LIBRARY = "libc++";
				CLANG_ENABLE_MODULES = YES;
				CLANG_ENABLE_OBJC_ARC = YES;
				CLANG_WARN_BLOCK_CAPTURE_AUTORELEASING = YES;
				CLANG_WARN_BOOL_CONVERSION = YES;
				CLANG_WARN_COMMA = YES;
				CLANG_WARN_CONSTANT_CONVERSION = YES;
				CLANG_WARN_DIRECT_OBJC_ISA_USAGE = YES_ERROR;
				CLANG_WARN_DOCUMENTATION_COMMENTS = YES;
				CLANG_WARN_EMPTY_BODY = YES;
				CLANG_WARN_ENUM_CONVERSION = YES;
				CLANG_WARN_INFINITE_RECURSION = YES;
				CLANG_WARN_INT_CONVERSION = YES;
				CLANG_WARN_NON_LITERAL_NULL_CONVERSION = YES;
				CLANG_WARN_OBJC_LITERAL_CONVERSION = YES;
				CLANG_WARN_OBJC_ROOT_CLASS = YES_ERROR;
				CLANG_WARN_RANGE_LOOP_ANALYSIS = YES;
				CLANG_WARN_STRICT_PROTOTYPES = YES;
				CLANG_WARN_SUSPICIOUS_MOVE = YES;
				CLANG_WARN_UNGUARDED_AVAILABILITY = YES_AGGRESSIVE;
				CLANG_WARN_UNREACHABLE_CODE = YES;
				CLANG_WARN__DUPLICATE_METHOD_MATCH = YES;
				CODE_SIGN_IDENTITY = "iPhone Developer";
				COPY_PHASE_STRIP = NO;
				DEBUG_INFORMATION_FORMAT = "dwarf-with-dsym";
				ENABLE_NS_ASSERTIONS = NO;
				ENABLE_STRICT_OBJC_MSGSEND = YES;
				GCC_C_LANGUAGE_STANDARD = gnu11;
				GCC_NO_COMMON_BLOCKS = YES;
				GCC_WARN_64_TO_32_BIT_CONVERSION = YES;
				GCC_WARN_ABOUT_RETURN_TYPE = YES_ERROR;
				GCC_WARN_UNDECLARED_SELECTOR = YES;
				GCC_WARN_UNINITIALIZED_AUTOS = YES_AGGRESSIVE;
				GCC_WARN_UNUSED_FUNCTION = YES;
				GCC_WARN_UNUSED_VARIABLE = YES;
				IPHONEOS_DEPLOYMENT_TARGET = 11.2;
				MTL_ENABLE_DEBUG_INFO = NO;
				SDKROOT = iphoneos;
				SWIFT_OPTIMIZATION_LEVEL = "-Owholemodule";
				VALIDATE_PRODUCT = YES;
			};
			name = Release;
		};
		240E1D9420E394250069B3E6 /* Debug */ = {
			isa = XCBuildConfiguration;
			baseConfigurationReference = 1A240A72F8ECDEB052E5F27C /* Pods-MyBio.debug.xcconfig */;
			buildSettings = {
				ASSETCATALOG_COMPILER_APPICON_NAME = AppIcon;
				CODE_SIGN_STYLE = Automatic;
				INFOPLIST_FILE = MyBio/Info.plist;
				LD_RUNPATH_SEARCH_PATHS = "$(inherited) @executable_path/Frameworks";
				PRODUCT_BUNDLE_IDENTIFIER = Abay.MyBio;
				PRODUCT_NAME = "$(TARGET_NAME)";
				SWIFT_VERSION = 4.0;
				TARGETED_DEVICE_FAMILY = "1,2";
			};
			name = Debug;
		};
		240E1D9520E394250069B3E6 /* Release */ = {
			isa = XCBuildConfiguration;
			baseConfigurationReference = B0EF8F09B4E3551F4259A311 /* Pods-MyBio.release.xcconfig */;
			buildSettings = {
				ASSETCATALOG_COMPILER_APPICON_NAME = AppIcon;
				CODE_SIGN_STYLE = Automatic;
				INFOPLIST_FILE = MyBio/Info.plist;
				LD_RUNPATH_SEARCH_PATHS = "$(inherited) @executable_path/Frameworks";
				PRODUCT_BUNDLE_IDENTIFIER = Abay.MyBio;
				PRODUCT_NAME = "$(TARGET_NAME)";
				SWIFT_VERSION = 4.0;
				TARGETED_DEVICE_FAMILY = "1,2";
			};
			name = Release;
		};
/* End XCBuildConfiguration section */

/* Begin XCConfigurationList section */
		240E1D7920E394250069B3E6 /* Build configuration list for PBXProject "MyBio" */ = {
			isa = XCConfigurationList;
			buildConfigurations = (
				240E1D9120E394250069B3E6 /* Debug */,
				240E1D9220E394250069B3E6 /* Release */,
			);
			defaultConfigurationIsVisible = 0;
			defaultConfigurationName = Release;
		};
		240E1D9320E394250069B3E6 /* Build configuration list for PBXNativeTarget "MyBio" */ = {
			isa = XCConfigurationList;
			buildConfigurations = (
				240E1D9420E394250069B3E6 /* Debug */,
				240E1D9520E394250069B3E6 /* Release */,
			);
			defaultConfigurationIsVisible = 0;
			defaultConfigurationName = Release;
		};
/* End XCConfigurationList section */

/* Begin XCVersionGroup section */
		240E1D8820E394250069B3E6 /* MyBio.xcdatamodeld */ = {
			isa = XCVersionGroup;
			children = (
				240E1D8920E394250069B3E6 /* MyBio.xcdatamodel */,
			);
			currentVersion = 240E1D8920E394250069B3E6 /* MyBio.xcdatamodel */;
			path = MyBio.xcdatamodeld;
			sourceTree = "<group>";
			versionGroupType = wrapper.xcdatamodel;
		};
/* End XCVersionGroup section */
	};
	rootObject = 240E1D7620E394250069B3E6 /* Project object */;
}
